// !$*UTF8*$!
{
	archiveVersion = 1;
	classes = {
	};
	objectVersion = 56;
	objects = {

/* Begin PBXBuildFile section */
		8005B446144D3348EE6CBE93 /* SynonyymApp.swift in Sources */ = {isa = PBXBuildFile; fileRef = 7EDAC05CDFB35C9FCC4BEAC3 /* SynonyymApp.swift */; };
		EABD7CFD12AFBA5B423FA357 /* AppDelegate.swift in Sources */ = {isa = PBXBuildFile; fileRef = 95D01534BE9109A1A491D197 /* AppDelegate.swift */; };
		9BFE950A39E1934AAFF9A084 /* HotkeyManager.swift in Sources */ = {isa = PBXBuildFile; fileRef = 312369D474E44672681FEADC /* HotkeyManager.swift */; };
		40510FD853C2BD2434D890DD /* SynonymService.swift in Sources */ = {isa = PBXBuildFile; fileRef = A27DAE76A50FCCD9E3A8C71E /* SynonymService.swift */; };
		4661A51F6742922466336D99 /* TextInteractor.swift in Sources */ = {isa = PBXBuildFile; fileRef = 95A393D1B922DEE7EEB2FD02 /* TextInteractor.swift */; };
		B4BDBB7CB0BC24911ED9901E /* ClipboardManager.swift in Sources */ = {isa = PBXBuildFile; fileRef = A77244C3EF723BC2DA326EFC /* ClipboardManager.swift */; };
		24865FAF5DACE8F0AAD60BF3 /* SynonymPanel.swift in Sources */ = {isa = PBXBuildFile; fileRef = D57C5BF8B7C6846CB0458B90 /* SynonymPanel.swift */; };
		87A42486214307961ADA0887 /* SynonymListView.swift in Sources */ = {isa = PBXBuildFile; fileRef = 353401C1C6A574F26AF801BE /* SynonymListView.swift */; };
		9B3C5BEC93BEF814841BFC9E /* MenuBarView.swift in Sources */ = {isa = PBXBuildFile; fileRef = 0C8EAE47F37F01F6D4F8234A /* MenuBarView.swift */; };
		FBA5336420BD793B48C543B7 /* Synonym.swift in Sources */ = {isa = PBXBuildFile; fileRef = 8B107CE131581D1379287549 /* Synonym.swift */; };
		C4E7F1A2B3D8094E5F6A7B1C /* SettingsView.swift in Sources */ = {isa = PBXBuildFile; fileRef = A1B2C3D4E5F6071829304152 /* SettingsView.swift */; };
		5A155337F88680A1A86F1BE1 /* Assets.xcassets in Resources */ = {isa = PBXBuildFile; fileRef = 3ACF98A2E596EE2AFE777EC1 /* Assets.xcassets */; };
		D1A2B3C4E5F60718293A4B5C /* thes_fr.dat in Resources */ = {isa = PBXBuildFile; fileRef = E2B3C4D5F6071829A3B4C5D6 /* thes_fr.dat */; };
		1B19494FF4B6147F7210AE33 /* Carbon.framework in Frameworks */ = {isa = PBXBuildFile; fileRef = B543B470937DE76985637331 /* Carbon.framework */; };
		92642E219F890870C9605F12 /* AppKit.framework in Frameworks */ = {isa = PBXBuildFile; fileRef = CC974415C84B7C6C3D2ABB3E /* AppKit.framework */; };
/* End PBXBuildFile section */

/* Begin PBXFileReference section */
		7EDAC05CDFB35C9FCC4BEAC3 /* SynonyymApp.swift */ = {isa = PBXFileReference; lastKnownFileType = sourcecode.swift; path = SynonyymApp.swift; sourceTree = "<group>"; };
		95D01534BE9109A1A491D197 /* AppDelegate.swift */ = {isa = PBXFileReference; lastKnownFileType = sourcecode.swift; path = AppDelegate.swift; sourceTree = "<group>"; };
		312369D474E44672681FEADC /* HotkeyManager.swift */ = {isa = PBXFileReference; lastKnownFileType = sourcecode.swift; path = HotkeyManager.swift; sourceTree = "<group>"; };
		A27DAE76A50FCCD9E3A8C71E /* SynonymService.swift */ = {isa = PBXFileReference; lastKnownFileType = sourcecode.swift; path = SynonymService.swift; sourceTree = "<group>"; };
		95A393D1B922DEE7EEB2FD02 /* TextInteractor.swift */ = {isa = PBXFileReference; lastKnownFileType = sourcecode.swift; path = TextInteractor.swift; sourceTree = "<group>"; };
		A77244C3EF723BC2DA326EFC /* ClipboardManager.swift */ = {isa = PBXFileReference; lastKnownFileType = sourcecode.swift; path = ClipboardManager.swift; sourceTree = "<group>"; };
		D57C5BF8B7C6846CB0458B90 /* SynonymPanel.swift */ = {isa = PBXFileReference; lastKnownFileType = sourcecode.swift; path = SynonymPanel.swift; sourceTree = "<group>"; };
		353401C1C6A574F26AF801BE /* SynonymListView.swift */ = {isa = PBXFileReference; lastKnownFileType = sourcecode.swift; path = SynonymListView.swift; sourceTree = "<group>"; };
		0C8EAE47F37F01F6D4F8234A /* MenuBarView.swift */ = {isa = PBXFileReference; lastKnownFileType = sourcecode.swift; path = MenuBarView.swift; sourceTree = "<group>"; };
		8B107CE131581D1379287549 /* Synonym.swift */ = {isa = PBXFileReference; lastKnownFileType = sourcecode.swift; path = Synonym.swift; sourceTree = "<group>"; };
		A1B2C3D4E5F6071829304152 /* SettingsView.swift */ = {isa = PBXFileReference; lastKnownFileType = sourcecode.swift; path = SettingsView.swift; sourceTree = "<group>"; };
		3ACF98A2E596EE2AFE777EC1 /* Assets.xcassets */ = {isa = PBXFileReference; lastKnownFileType = folder.assetcatalog; path = Assets.xcassets; sourceTree = "<group>"; };
		4170205F3AE0BCFF63AD498C /* Info.plist */ = {isa = PBXFileReference; lastKnownFileType = text.plist.xml; path = Info.plist; sourceTree = "<group>"; };
		4BEFA754B8D90D0343E97F6C /* Synonyym.entitlements */ = {isa = PBXFileReference; lastKnownFileType = text.plist.entitlements; path = Synonyym.entitlements; sourceTree = "<group>"; };
		E2B3C4D5F6071829A3B4C5D6 /* thes_fr.dat */ = {isa = PBXFileReference; lastKnownFileType = text; path = thes_fr.dat; sourceTree = "<group>"; };
		411C60F37503ACF50C1BCB76 /* Synonyym.app */ = {isa = PBXFileReference; explicitFileType = wrapper.application; includeInIndex = 0; path = Synonyym.app; sourceTree = BUILT_PRODUCTS_DIR; };
		B543B470937DE76985637331 /* Carbon.framework */ = {isa = PBXFileReference; lastKnownFileType = wrapper.framework; name = Carbon.framework; path = System/Library/Frameworks/Carbon.framework; sourceTree = SDKROOT; };
		CC974415C84B7C6C3D2ABB3E /* AppKit.framework */ = {isa = PBXFileReference; lastKnownFileType = wrapper.framework; name = AppKit.framework; path = System/Library/Frameworks/AppKit.framework; sourceTree = SDKROOT; };
/* End PBXFileReference section */

/* Begin PBXFrameworksBuildPhase section */
		F7132A8B2DC9C6E672B33650 /* Frameworks */ = {
			isa = PBXFrameworksBuildPhase;
			buildActionMask = 2147483647;
			files = (
				1B19494FF4B6147F7210AE33 /* Carbon.framework in Frameworks */,
				92642E219F890870C9605F12 /* AppKit.framework in Frameworks */,
			);
			runOnlyForDeploymentPostprocessing = 0;
		};
/* End PBXFrameworksBuildPhase section */

/* Begin PBXGroup section */
		3280D7C3E4FF82B1F3E9874B = {
			isa = PBXGroup;
			children = (
				9BF15A3221B5344223AF9C13 /* Synonyym */,
				A9A4D1A1A4B5829F3D774CF4 /* Frameworks */,
				F626C80E49FD48E0AE1D1474 /* Products */,
			);
			sourceTree = "<group>";
		};
		F626C80E49FD48E0AE1D1474 /* Products */ = {
			isa = PBXGroup;
			children = (
				411C60F37503ACF50C1BCB76 /* Synonyym.app */,
			);
			name = Products;
			sourceTree = "<group>";
		};
		9BF15A3221B5344223AF9C13 /* Synonyym */ = {
			isa = PBXGroup;
			children = (
				4BEFA754B8D90D0343E97F6C /* Synonyym.entitlements */,
				7EDAC05CDFB35C9FCC4BEAC3 /* SynonyymApp.swift */,
				95D01534BE9109A1A491D197 /* AppDelegate.swift */,
				0EDBB2B1F9FE626F9E787227 /* Services */,
				94B9A45DB56C87A7566512C1 /* Views */,
				AA8A17C6CB25C231ABB60114 /* Models */,
				6953C427A051414B3418CCC0 /* Resources */,
			);
			path = Synonyym;
			sourceTree = "<group>";
		};
		0EDBB2B1F9FE626F9E787227 /* Services */ = {
			isa = PBXGroup;
			children = (
				312369D474E44672681FEADC /* HotkeyManager.swift */,
				A27DAE76A50FCCD9E3A8C71E /* SynonymService.swift */,
				95A393D1B922DEE7EEB2FD02 /* TextInteractor.swift */,
				A77244C3EF723BC2DA326EFC /* ClipboardManager.swift */,
			);
			path = Services;
			sourceTree = "<group>";
		};
		94B9A45DB56C87A7566512C1 /* Views */ = {
			isa = PBXGroup;
			children = (
				D57C5BF8B7C6846CB0458B90 /* SynonymPanel.swift */,
				353401C1C6A574F26AF801BE /* SynonymListView.swift */,
				0C8EAE47F37F01F6D4F8234A /* MenuBarView.swift */,
				A1B2C3D4E5F6071829304152 /* SettingsView.swift */,
			);
			path = Views;
			sourceTree = "<group>";
		};
		AA8A17C6CB25C231ABB60114 /* Models */ = {
			isa = PBXGroup;
			children = (
				8B107CE131581D1379287549 /* Synonym.swift */,
			);
			path = Models;
			sourceTree = "<group>";
		};
		6953C427A051414B3418CCC0 /* Resources */ = {
			isa = PBXGroup;
			children = (
				3ACF98A2E596EE2AFE777EC1 /* Assets.xcassets */,
				4170205F3AE0BCFF63AD498C /* Info.plist */,
				E2B3C4D5F6071829A3B4C5D6 /* thes_fr.dat */,
			);
			path = Resources;
			sourceTree = "<group>";
		};
		A9A4D1A1A4B5829F3D774CF4 /* Frameworks */ = {
			isa = PBXGroup;
			children = (
				B543B470937DE76985637331 /* Carbon.framework */,
				CC974415C84B7C6C3D2ABB3E /* AppKit.framework */,
			);
			name = Frameworks;
			sourceTree = "<group>";
		};
/* End PBXGroup section */

/* Begin PBXNativeTarget section */
		739D9AF78C41283656ACB0E7 /* Synonyym */ = {
			isa = PBXNativeTarget;
			buildConfigurationList = AEFAE45B35EA72C82310C393 /* Build configuration list for PBXNativeTarget "Synonyym" */;
			buildPhases = (
				0E061F3C0C91A2821E8D3D84 /* Sources */,
				F7132A8B2DC9C6E672B33650 /* Frameworks */,
				1E415FF0C5822A5294CAA84D /* Resources */,
			);
			buildRules = (
			);
			dependencies = (
			);
			name = Synonyym;
			productName = Synonyym;
			productReference = 411C60F37503ACF50C1BCB76 /* Synonyym.app */;
			productType = "com.apple.product-type.application";
		};
/* End PBXNativeTarget section */

/* Begin PBXProject section */
		2F4325DC157EA2F52074E980 /* Project object */ = {
			isa = PBXProject;
			buildConfigurationList = 06C2E0CBCFB596C1B878B4E7 /* Build configuration list for PBXProject "Synonyym" */;
			compatibilityVersion = "Xcode 14.0";
			developmentRegion = en;
			hasScannedForEncodings = 0;
			knownRegions = (
				en,
				Base,
			);
			mainGroup = 3280D7C3E4FF82B1F3E9874B;
			productRefGroup = F626C80E49FD48E0AE1D1474 /* Products */;
			projectDirPath = "";
			projectRoot = "";
			targets = (
				739D9AF78C41283656ACB0E7 /* Synonyym */,
			);
		};
/* End PBXProject section */

/* Begin PBXResourcesBuildPhase section */
		1E415FF0C5822A5294CAA84D /* Resources */ = {
			isa = PBXResourcesBuildPhase;
			buildActionMask = 2147483647;
			files = (
				5A155337F88680A1A86F1BE1 /* Assets.xcassets in Resources */,
				D1A2B3C4E5F60718293A4B5C /* thes_fr.dat in Resources */,
			);
			runOnlyForDeploymentPostprocessing = 0;
		};
/* End PBXResourcesBuildPhase section */

/* Begin PBXSourcesBuildPhase section */
		0E061F3C0C91A2821E8D3D84 /* Sources */ = {
			isa = PBXSourcesBuildPhase;
			buildActionMask = 2147483647;
			files = (
				8005B446144D3348EE6CBE93 /* SynonyymApp.swift in Sources */,
				EABD7CFD12AFBA5B423FA357 /* AppDelegate.swift in Sources */,
				9BFE950A39E1934AAFF9A084 /* HotkeyManager.swift in Sources */,
				40510FD853C2BD2434D890DD /* SynonymService.swift in Sources */,
				4661A51F6742922466336D99 /* TextInteractor.swift in Sources */,
				B4BDBB7CB0BC24911ED9901E /* ClipboardManager.swift in Sources */,
				24865FAF5DACE8F0AAD60BF3 /* SynonymPanel.swift in Sources */,
				87A42486214307961ADA0887 /* SynonymListView.swift in Sources */,
				9B3C5BEC93BEF814841BFC9E /* MenuBarView.swift in Sources */,
				FBA5336420BD793B48C543B7 /* Synonym.swift in Sources */,
				C4E7F1A2B3D8094E5F6A7B1C /* SettingsView.swift in Sources */,
			);
			runOnlyForDeploymentPostprocessing = 0;
		};
/* End PBXSourcesBuildPhase section */

/* Begin XCBuildConfiguration section */
		FE82C02EFD5B831D743C5174 /* Debug */ = {
			isa = XCBuildConfiguration;
			buildSettings = {
				ALWAYS_SEARCH_USER_PATHS = NO;
				CLANG_ANALYZER_NONNULL = YES;
				CLANG_ANALYZER_NUMBER_OBJECT_CONVERSION = YES_AGGRESSIVE;
				CLANG_CXX_LANGUAGE_STANDARD = "gnu++20";
				CLANG_ENABLE_MODULES = YES;
				CLANG_ENABLE_OBJC_ARC = YES;
				CLANG_ENABLE_OBJC_WEAK = YES;
				CLANG_WARN_BLOCK_CAPTURE_AUTORELEASING = YES;
				CLANG_WARN_BOOL_CONVERSION = YES;
				CLANG_WARN_COMMA = YES;
				CLANG_WARN_CONSTANT_CONVERSION = YES;
				CLANG_WARN_DEPRECATED_OBJC_IMPLEMENTATIONS = YES;
				CLANG_WARN_DIRECT_OBJC_ISA_USAGE = YES_ERROR;
				CLANG_WARN_DOCUMENTATION_COMMENTS = YES;
				CLANG_WARN_EMPTY_BODY = YES;
				CLANG_WARN_ENUM_CONVERSION = YES;
				CLANG_WARN_INFINITE_RECURSION = YES;
				CLANG_WARN_INT_CONVERSION = YES;
				CLANG_WARN_NON_LITERAL_NULL_CONVERSION = YES;
				CLANG_WARN_OBJC_IMPLICIT_RETAIN_SELF = YES;
				CLANG_WARN_OBJC_LITERAL_CONVERSION = YES;
				CLANG_WARN_OBJC_ROOT_CLASS = YES_ERROR;
				CLANG_WARN_QUOTED_INCLUDE_IN_FRAMEWORK_HEADER = YES;
				CLANG_WARN_RANGE_LOOP_ANALYSIS = YES;
				CLANG_WARN_STRICT_PROTOTYPES = YES;
				CLANG_WARN_SUSPICIOUS_MOVE = YES;
				CLANG_WARN_UNGUARDED_AVAILABILITY = YES_AGGRESSIVE;
				CLANG_WARN_UNREACHABLE_CODE = YES;
				CLANG_WARN__DUPLICATE_METHOD_MATCH = YES;
				COPY_PHASE_STRIP = NO;
				DEBUG_INFORMATION_FORMAT = dwarf;
				ENABLE_STRICT_OBJC_MSGSEND = YES;
				ENABLE_TESTABILITY = YES;
				ENABLE_USER_SCRIPT_SANDBOXING = YES;
				GCC_C_LANGUAGE_STANDARD = gnu17;
				GCC_DYNAMIC_NO_PIC = NO;
				GCC_NO_COMMON_BLOCKS = YES;
				GCC_OPTIMIZATION_LEVEL = 0;
				GCC_PREPROCESSOR_DEFINITIONS = (
					"DEBUG=1",
					"$(inherited)",
				);
				GCC_WARN_64_TO_32_BIT_CONVERSION = YES;
				GCC_WARN_ABOUT_RETURN_TYPE = YES_ERROR;
				GCC_WARN_UNDECLARED_SELECTOR = YES;
				GCC_WARN_UNINITIALIZED_AUTOS = YES_AGGRESSIVE;
				GCC_WARN_UNUSED_FUNCTION = YES;
				GCC_WARN_UNUSED_VARIABLE = YES;
				MACOSX_DEPLOYMENT_TARGET = 14.0;
				MTL_ENABLE_DEBUG_INFO = INCLUDE_SOURCE;
				MTL_FAST_MATH = YES;
				ONLY_ACTIVE_ARCH = YES;
				SDKROOT = macosx;
				SWIFT_ACTIVE_COMPILATION_CONDITIONS = "$(inherited) DEBUG";
				SWIFT_OPTIMIZATION_LEVEL = "-Onone";
			};
			name = Debug;
		};
		456EF01CE36DB9C426E0F39D /* Release */ = {
			isa = XCBuildConfiguration;
			buildSettings = {
				ALWAYS_SEARCH_USER_PATHS = NO;
				CLANG_ANALYZER_NONNULL = YES;
				CLANG_ANALYZER_NUMBER_OBJECT_CONVERSION = YES_AGGRESSIVE;
				CLANG_CXX_LANGUAGE_STANDARD = "gnu++20";
				CLANG_ENABLE_MODULES = YES;
				CLANG_ENABLE_OBJC_ARC = YES;
				CLANG_ENABLE_OBJC_WEAK = YES;
				CLANG_WARN_BLOCK_CAPTURE_AUTORELEASING = YES;
				CLANG_WARN_BOOL_CONVERSION = YES;
				CLANG_WARN_COMMA = YES;
				CLANG_WARN_CONSTANT_CONVERSION = YES;
				CLANG_WARN_DEPRECATED_OBJC_IMPLEMENTATIONS = YES;
				CLANG_WARN_DIRECT_OBJC_ISA_USAGE = YES_ERROR;
				CLANG_WARN_DOCUMENTATION_COMMENTS = YES;
				CLANG_WARN_EMPTY_BODY = YES;
				CLANG_WARN_ENUM_CONVERSION = YES;
				CLANG_WARN_INFINITE_RECURSION = YES;
				CLANG_WARN_INT_CONVERSION = YES;
				CLANG_WARN_NON_LITERAL_NULL_CONVERSION = YES;
				CLANG_WARN_OBJC_IMPLICIT_RETAIN_SELF = YES;
				CLANG_WARN_OBJC_LITERAL_CONVERSION = YES;
				CLANG_WARN_OBJC_ROOT_CLASS = YES_ERROR;
				CLANG_WARN_QUOTED_INCLUDE_IN_FRAMEWORK_HEADER = YES;
				CLANG_WARN_RANGE_LOOP_ANALYSIS = YES;
				CLANG_WARN_STRICT_PROTOTYPES = YES;
				CLANG_WARN_SUSPICIOUS_MOVE = YES;
				CLANG_WARN_UNGUARDED_AVAILABILITY = YES_AGGRESSIVE;
				CLANG_WARN_UNREACHABLE_CODE = YES;
				CLANG_WARN__DUPLICATE_METHOD_MATCH = YES;
				COPY_PHASE_STRIP = NO;
				DEBUG_INFORMATION_FORMAT = "dwarf-with-dsym";
				ENABLE_NS_ASSERTIONS = NO;
				ENABLE_STRICT_OBJC_MSGSEND = YES;
				ENABLE_USER_SCRIPT_SANDBOXING = YES;
				GCC_C_LANGUAGE_STANDARD = gnu17;
				GCC_NO_COMMON_BLOCKS = YES;
				GCC_WARN_64_TO_32_BIT_CONVERSION = YES;
				GCC_WARN_ABOUT_RETURN_TYPE = YES_ERROR;
				GCC_WARN_UNDECLARED_SELECTOR = YES;
				GCC_WARN_UNINITIALIZED_AUTOS = YES_AGGRESSIVE;
				GCC_WARN_UNUSED_FUNCTION = YES;
				GCC_WARN_UNUSED_VARIABLE = YES;
				MACOSX_DEPLOYMENT_TARGET = 14.0;
				MTL_ENABLE_DEBUG_INFO = NO;
				MTL_FAST_MATH = YES;
				SDKROOT = macosx;
				SWIFT_COMPILATION_MODE = wholemodule;
			};
			name = Release;
		};
		0036B0FDAB31B3AE092B68DD /* Debug */ = {
			isa = XCBuildConfiguration;
			buildSettings = {
				ASSETCATALOG_COMPILER_APPICON_NAME = AppIcon;
				ASSETCATALOG_COMPILER_GLOBAL_ACCENT_COLOR_NAME = AccentColor;
				CODE_SIGN_ENTITLEMENTS = Synonyym/Synonyym.entitlements;
				CODE_SIGN_STYLE = Automatic;
				COMBINE_HIDPI_IMAGES = YES;
				CURRENT_PROJECT_VERSION = 1;
				DEVELOPMENT_TEAM = "";
				ENABLE_HARDENED_RUNTIME = YES;
				GENERATE_INFOPLIST_FILE = NO;
				INFOPLIST_FILE = Synonyym/Resources/Info.plist;
				INFOPLIST_KEY_NSMainNibFile = "";
				INFOPLIST_KEY_NSPrincipalClass = NSApplication;
				LD_RUNPATH_SEARCH_PATHS = (
					"$(inherited)",
					"@executable_path/../Frameworks",
				);
				MARKETING_VERSION = 1.0;
				PRODUCT_BUNDLE_IDENTIFIER = com.synonyym.app;
				PRODUCT_NAME = "$(TARGET_NAME)";
				SWIFT_EMIT_LOC_STRINGS = YES;
				SWIFT_VERSION = 5.0;
			};
			name = Debug;
		};
		EB404141AEDA36713D256B80 /* Release */ = {
			isa = XCBuildConfiguration;
			buildSettings = {
				ASSETCATALOG_COMPILER_APPICON_NAME = AppIcon;
				ASSETCATALOG_COMPILER_GLOBAL_ACCENT_COLOR_NAME = AccentColor;
				CODE_SIGN_ENTITLEMENTS = Synonyym/Synonyym.entitlements;
				CODE_SIGN_STYLE = Automatic;
				COMBINE_HIDPI_IMAGES = YES;
				CURRENT_PROJECT_VERSION = 1;
				DEVELOPMENT_TEAM = "";
				ENABLE_HARDENED_RUNTIME = YES;
				GENERATE_INFOPLIST_FILE = NO;
				INFOPLIST_FILE = Synonyym/Resources/Info.plist;
				INFOPLIST_KEY_NSMainNibFile = "";
				INFOPLIST_KEY_NSPrincipalClass = NSApplication;
				LD_RUNPATH_SEARCH_PATHS = (
					"$(inherited)",
					"@executable_path/../Frameworks",
				);
				MARKETING_VERSION = 1.0;
				PRODUCT_BUNDLE_IDENTIFIER = com.synonyym.app;
				PRODUCT_NAME = "$(TARGET_NAME)";
				SWIFT_EMIT_LOC_STRINGS = YES;
				SWIFT_VERSION = 5.0;
			};
			name = Release;
		};
/* End XCBuildConfiguration section */

/* Begin XCConfigurationList section */
		06C2E0CBCFB596C1B878B4E7 /* Build configuration list for PBXProject "Synonyym" */ = {
			isa = XCConfigurationList;
			buildConfigurations = (
				FE82C02EFD5B831D743C5174 /* Debug */,
				456EF01CE36DB9C426E0F39D /* Release */,
			);
			defaultConfigurationIsVisible = 0;
			defaultConfigurationName = Release;
		};
		AEFAE45B35EA72C82310C393 /* Build configuration list for PBXNativeTarget "Synonyym" */ = {
			isa = XCConfigurationList;
			buildConfigurations = (
				0036B0FDAB31B3AE092B68DD /* Debug */,
				EB404141AEDA36713D256B80 /* Release */,
			);
			defaultConfigurationIsVisible = 0;
			defaultConfigurationName = Release;
		};
/* End XCConfigurationList section */

	};
	rootObject = 2F4325DC157EA2F52074E980 /* Project object */;
}